
Microsoft Visual Studio Solution File, Format Version 12.00
# Visual Studio Version 16
VisualStudioVersion = 16.0.29806.167
MinimumVisualStudioVersion = 10.0.40219.1
Project("{FAE04EC0-301F-11D3-BF4B-00C04F79EFBC}") = "Portal.API", "Portal.API\Portal.API.csproj", "{7ABDDC87-86BD-4D59-AEFE-5A3A9847C9A2}"
EndProject
Global
	GlobalSection(SolutionConfigurationPlatforms) = preSolution
		Debug|Any CPU = Debug|Any CPU
		Release|Any CPU = Release|Any CPU
	EndGlobalSection
	GlobalSection(ProjectConfigurationPlatforms) = postSolution
		{7ABDDC87-86BD-4D59-AEFE-5A3A9847C9A2}.Debug|Any CPU.ActiveCfg = Debug|Any CPU
		{7ABDDC87-86BD-4D59-AEFE-5A3A9847C9A2}.Debug|Any CPU.Build.0 = Debug|Any CPU
		{7ABDDC87-86BD-4D59-AEFE-5A3A9847C9A2}.Release|Any CPU.ActiveCfg = Release|Any CPU
		{7ABDDC87-86BD-4D59-AEFE-5A3A9847C9A2}.Release|Any CPU.Build.0 = Release|Any CPU
	EndGlobalSection
	GlobalSection(SolutionProperties) = preSolution
		HideSolutionNode = FALSE
	EndGlobalSection
	GlobalSection(ExtensibilityGlobals) = postSolution
		SolutionGuid = {4F55FDE1-36F3-487C-BE6D-82E551D0258D}
	EndGlobalSection
EndGlobal
